// !$*UTF8*$!
{
	archiveVersion = 1;
	classes = {
	};
	objectVersion = 46;
	objects = {

/* Begin PBXBuildFile section */
		F3DBBDB21D5C48E20047C6BB /* main.m in Sources */ = {isa = PBXBuildFile; fileRef = F3DBBDB11D5C48E20047C6BB /* main.m */; };
		F3DBBDB51D5C48E20047C6BB /* AppDelegate.m in Sources */ = {isa = PBXBuildFile; fileRef = F3DBBDB41D5C48E20047C6BB /* AppDelegate.m */; };
		F3DBBDB81D5C48E20047C6BB /* ViewController.m in Sources */ = {isa = PBXBuildFile; fileRef = F3DBBDB71D5C48E20047C6BB /* ViewController.m */; };
		F3DBBDBB1D5C48E20047C6BB /* Main.storyboard in Resources */ = {isa = PBXBuildFile; fileRef = F3DBBDB91D5C48E20047C6BB /* Main.storyboard */; };
		F3DBBDBD1D5C48E20047C6BB /* Assets.xcassets in Resources */ = {isa = PBXBuildFile; fileRef = F3DBBDBC1D5C48E20047C6BB /* Assets.xcassets */; };
		F3DBBDC01D5C48E20047C6BB /* LaunchScreen.storyboard in Resources */ = {isa = PBXBuildFile; fileRef = F3DBBDBE1D5C48E20047C6BB /* LaunchScreen.storyboard */; };
/* End PBXBuildFile section */

/* Begin PBXFileReference section */
		F3DBBDAD1D5C48E20047C6BB /* OC_SortingAlgorithm.app */ = {isa = PBXFileReference; explicitFileType = wrapper.application; includeInIndex = 0; path = OC_SortingAlgorithm.app; sourceTree = BUILT_PRODUCTS_DIR; };
		F3DBBDB11D5C48E20047C6BB /* main.m */ = {isa = PBXFileReference; lastKnownFileType = sourcecode.c.objc; path = main.m; sourceTree = "<group>"; };
		F3DBBDB31D5C48E20047C6BB /* AppDelegate.h */ = {isa = PBXFileReference; lastKnownFileType = sourcecode.c.h; path = AppDelegate.h; sourceTree = "<group>"; };
		F3DBBDB41D5C48E20047C6BB /* AppDelegate.m */ = {isa = PBXFileReference; lastKnownFileType = sourcecode.c.objc; path = AppDelegate.m; sourceTree = "<group>"; };
		F3DBBDB61D5C48E20047C6BB /* ViewController.h */ = {isa = PBXFileReference; lastKnownFileType = sourcecode.c.h; path = ViewController.h; sourceTree = "<group>"; };
		F3DBBDB71D5C48E20047C6BB /* ViewController.m */ = {isa = PBXFileReference; lastKnownFileType = sourcecode.c.objc; path = ViewController.m; sourceTree = "<group>"; };
		F3DBBDBA1D5C48E20047C6BB /* Base */ = {isa = PBXFileReference; lastKnownFileType = file.storyboard; name = Base; path = Base.lproj/Main.storyboard; sourceTree = "<group>"; };
		F3DBBDBC1D5C48E20047C6BB /* Assets.xcassets */ = {isa = PBXFileReference; lastKnownFileType = folder.assetcatalog; path = Assets.xcassets; sourceTree = "<group>"; };
		F3DBBDBF1D5C48E20047C6BB /* Base */ = {isa = PBXFileReference; lastKnownFileType = file.storyboard; name = Base; path = Base.lproj/LaunchScreen.storyboard; sourceTree = "<group>"; };
		F3DBBDC11D5C48E20047C6BB /* Info.plist */ = {isa = PBXFileReference; lastKnownFileType = text.plist.xml; path = Info.plist; sourceTree = "<group>"; };
/* End PBXFileReference section */

/* Begin PBXFrameworksBuildPhase section */
		F3DBBDAA1D5C48E20047C6BB /* Frameworks */ = {
			isa = PBXFrameworksBuildPhase;
			buildActionMask = 2147483647;
			files = (
			);
			runOnlyForDeploymentPostprocessing = 0;
		};
/* End PBXFrameworksBuildPhase section */

/* Begin PBXGroup section */
		F3DBBDA41D5C48E20047C6BB = {
			isa = PBXGroup;
			children = (
				F3DBBDAF1D5C48E20047C6BB /* OC_SortingAlgorithm */,
				F3DBBDAE1D5C48E20047C6BB /* Products */,
			);
			sourceTree = "<group>";
		};
		F3DBBDAE1D5C48E20047C6BB /* Products */ = {
			isa = PBXGroup;
			children = (
				F3DBBDAD1D5C48E20047C6BB /* OC_SortingAlgorithm.app */,
			);
			name = Products;
			sourceTree = "<group>";
		};
		F3DBBDAF1D5C48E20047C6BB /* OC_SortingAlgorithm */ = {
			isa = PBXGroup;
			children = (
				F3DBBDB31D5C48E20047C6BB /* AppDelegate.h */,
				F3DBBDB41D5C48E20047C6BB /* AppDelegate.m */,
				F3DBBDB61D5C48E20047C6BB /* ViewController.h */,
				F3DBBDB71D5C48E20047C6BB /* ViewController.m */,
				F3DBBDB91D5C48E20047C6BB /* Main.storyboard */,
				F3DBBDBC1D5C48E20047C6BB /* Assets.xcassets */,
				F3DBBDBE1D5C48E20047C6BB /* LaunchScreen.storyboard */,
				F3DBBDC11D5C48E20047C6BB /* Info.plist */,
				F3DBBDB01D5C48E20047C6BB /* Supporting Files */,
			);
			path = OC_SortingAlgorithm;
			sourceTree = "<group>";
		};
		F3DBBDB01D5C48E20047C6BB /* Supporting Files */ = {
			isa = PBXGroup;
			children = (
				F3DBBDB11D5C48E20047C6BB /* main.m */,
			);
			name = "Supporting Files";
			sourceTree = "<group>";
		};
/* End PBXGroup section */

/* Begin PBXNativeTarget section */
		F3DBBDAC1D5C48E20047C6BB /* OC_SortingAlgorithm */ = {
			isa = PBXNativeTarget;
			buildConfigurationList = F3DBBDC41D5C48E20047C6BB /* Build configuration list for PBXNativeTarget "OC_SortingAlgorithm" */;
			buildPhases = (
				F3DBBDA91D5C48E20047C6BB /* Sources */,
				F3DBBDAA1D5C48E20047C6BB /* Frameworks */,
				F3DBBDAB1D5C48E20047C6BB /* Resources */,
			);
			buildRules = (
			);
			dependencies = (
			);
			name = OC_SortingAlgorithm;
			productName = OC_SortingAlgorithm;
			productReference = F3DBBDAD1D5C48E20047C6BB /* OC_SortingAlgorithm.app */;
			productType = "com.apple.product-type.application";
		};
/* End PBXNativeTarget section */

/* Begin PBXProject section */
		F3DBBDA51D5C48E20047C6BB /* Project object */ = {
			isa = PBXProject;
			attributes = {
				LastUpgradeCheck = 0730;
				ORGANIZATIONNAME = andson;
				TargetAttributes = {
					F3DBBDAC1D5C48E20047C6BB = {
						CreatedOnToolsVersion = 7.3.1;
					};
				};
			};
			buildConfigurationList = F3DBBDA81D5C48E20047C6BB /* Build configuration list for PBXProject "OC_SortingAlgorithm" */;
			compatibilityVersion = "Xcode 3.2";
			developmentRegion = English;
			hasScannedForEncodings = 0;
			knownRegions = (
				en,
				Base,
			);
			mainGroup = F3DBBDA41D5C48E20047C6BB;
			productRefGroup = F3DBBDAE1D5C48E20047C6BB /* Products */;
			projectDirPath = "";
			projectRoot = "";
			targets = (
				F3DBBDAC1D5C48E20047C6BB /* OC_SortingAlgorithm */,
			);
		};
/* End PBXProject section */

/* Begin PBXResourcesBuildPhase section */
		F3DBBDAB1D5C48E20047C6BB /* Resources */ = {
			isa = PBXResourcesBuildPhase;
			buildActionMask = 2147483647;
			files = (
				F3DBBDC01D5C48E20047C6BB /* LaunchScreen.storyboard in Resources */,
				F3DBBDBD1D5C48E20047C6BB /* Assets.xcassets in Resources */,
				F3DBBDBB1D5C48E20047C6BB /* Main.storyboard in Resources */,
			);
			runOnlyForDeploymentPostprocessing = 0;
		};
/* End PBXResourcesBuildPhase section */

/* Begin PBXSourcesBuildPhase section */
		F3DBBDA91D5C48E20047C6BB /* Sources */ = {
			isa = PBXSourcesBuildPhase;
			buildActionMask = 2147483647;
			files = (
				F3DBBDB81D5C48E20047C6BB /* ViewController.m in Sources */,
				F3DBBDB51D5C48E20047C6BB /* AppDelegate.m in Sources */,
				F3DBBDB21D5C48E20047C6BB /* main.m in Sources */,
			);
			runOnlyForDeploymentPostprocessing = 0;
		};
/* End PBXSourcesBuildPhase section */

/* Begin PBXVariantGroup section */
		F3DBBDB91D5C48E20047C6BB /* Main.storyboard */ = {
			isa = PBXVariantGroup;
			children = (
				F3DBBDBA1D5C48E20047C6BB /* Base */,
			);
			name = Main.storyboard;
			sourceTree = "<group>";
		};
		F3DBBDBE1D5C48E20047C6BB /* LaunchScreen.storyboard */ = {
			isa = PBXVariantGroup;
			children = (
				F3DBBDBF1D5C48E20047C6BB /* Base */,
			);
			name = LaunchScreen.storyboard;
			sourceTree = "<group>";
		};
/* End PBXVariantGroup section */

/* Begin XCBuildConfiguration section */
		F3DBBDC21D5C48E20047C6BB /* Debug */ = {
			isa = XCBuildConfiguration;
			buildSettings = {
				ALWAYS_SEARCH_USER_PATHS = NO;
				CLANG_ANALYZER_NONNULL = YES;
				CLANG_CXX_LANGUAGE_STANDARD = "gnu++0x";
				CLANG_CXX_LIBRARY = "libc++";
				CLANG_ENABLE_MODULES = YES;
				CLANG_ENABLE_OBJC_ARC = YES;
				CLANG_WARN_BOOL_CONVERSION = YES;
				CLANG_WARN_CONSTANT_CONVERSION = YES;
				CLANG_WARN_DIRECT_OBJC_ISA_USAGE = YES_ERROR;
				CLANG_WARN_EMPTY_BODY = YES;
				CLANG_WARN_ENUM_CONVERSION = YES;
				CLANG_WARN_INT_CONVERSION = YES;
				CLANG_WARN_OBJC_ROOT_CLASS = YES_ERROR;
				CLANG_WARN_UNREACHABLE_CODE = YES;
				CLANG_WARN__DUPLICATE_METHOD_MATCH = YES;
				"CODE_SIGN_IDENTITY[sdk=iphoneos*]" = "iPhone Developer";
				COPY_PHASE_STRIP = NO;
				DEBUG_INFORMATION_FORMAT = dwarf;
				ENABLE_STRICT_OBJC_MSGSEND = YES;
				ENABLE_TESTABILITY = YES;
				GCC_C_LANGUAGE_STANDARD = gnu99;
				GCC_DYNAMIC_NO_PIC = NO;
				GCC_NO_COMMON_BLOCKS = YES;
				GCC_OPTIMIZATION_LEVEL = 0;
				GCC_PREPROCESSOR_DEFINITIONS = (
					"DEBUG=1",
					"$(inherited)",
				);
				GCC_WARN_64_TO_32_BIT_CONVERSION = YES;
				GCC_WARN_ABOUT_RETURN_TYPE = YES_ERROR;
				GCC_WARN_UNDECLARED_SELECTOR = YES;
				GCC_WARN_UNINITIALIZED_AUTOS = YES_AGGRESSIVE;
				GCC_WARN_UNUSED_FUNCTION = YES;
				GCC_WARN_UNUSED_VARIABLE = YES;
				IPHONEOS_DEPLOYMENT_TARGET = 9.3;
				MTL_ENABLE_DEBUG_INFO = YES;
				ONLY_ACTIVE_ARCH = YES;
				SDKROOT = iphoneos;
			};
			name = Debug;
		};
		F3DBBDC31D5C48E20047C6BB /* Release */ = {
			isa = XCBuildConfiguration;
			buildSettings = {
				ALWAYS_SEARCH_USER_PATHS = NO;
				CLANG_ANALYZER_NONNULL = YES;
				CLANG_CXX_LANGUAGE_STANDARD = "gnu++0x";
				CLANG_CXX_LIBRARY = "libc++";
				CLANG_ENABLE_MODULES = YES;
				CLANG_ENABLE_OBJC_ARC = YES;
				CLANG_WARN_BOOL_CONVERSION = YES;
				CLANG_WARN_CONSTANT_CONVERSION = YES;
				CLANG_WARN_DIRECT_OBJC_ISA_USAGE = YES_ERROR;
				CLANG_WARN_EMPTY_BODY = YES;
				CLANG_WARN_ENUM_CONVERSION = YES;
				CLANG_WARN_INT_CONVERSION = YES;
				CLANG_WARN_OBJC_ROOT_CLASS = YES_ERROR;
				CLANG_WARN_UNREACHABLE_CODE = YES;
				CLANG_WARN__DUPLICATE_METHOD_MATCH = YES;
				"CODE_SIGN_IDENTITY[sdk=iphoneos*]" = "iPhone Developer";
				COPY_PHASE_STRIP = NO;
				DEBUG_INFORMATION_FORMAT = "dwarf-with-dsym";
				ENABLE_NS_ASSERTIONS = NO;
				ENABLE_STRICT_OBJC_MSGSEND = YES;
				GCC_C_LANGUAGE_STANDARD = gnu99;
				GCC_NO_COMMON_BLOCKS = YES;
				GCC_WARN_64_TO_32_BIT_CONVERSION = YES;
				GCC_WARN_ABOUT_RETURN_TYPE = YES_ERROR;
				GCC_WARN_UNDECLARED_SELECTOR = YES;
				GCC_WARN_UNINITIALIZED_AUTOS = YES_AGGRESSIVE;
				GCC_WARN_UNUSED_FUNCTION = YES;
				GCC_WARN_UNUSED_VARIABLE = YES;
				IPHONEOS_DEPLOYMENT_TARGET = 9.3;
				MTL_ENABLE_DEBUG_INFO = NO;
				SDKROOT = iphoneos;
				VALIDATE_PRODUCT = YES;
			};
			name = Release;
		};
		F3DBBDC51D5C48E20047C6BB /* Debug */ = {
			isa = XCBuildConfiguration;
			buildSettings = {
				ASSETCATALOG_COMPILER_APPICON_NAME = AppIcon;
				INFOPLIST_FILE = OC_SortingAlgorithm/Info.plist;
				LD_RUNPATH_SEARCH_PATHS = "$(inherited) @executable_path/Frameworks";
				PRODUCT_BUNDLE_IDENTIFIER = "cn.andson.net.OC-SortingAlgorithm";
				PRODUCT_NAME = "$(TARGET_NAME)";
			};
			name = Debug;
		};
		F3DBBDC61D5C48E20047C6BB /* Release */ = {
			isa = XCBuildConfiguration;
			buildSettings = {
				ASSETCATALOG_COMPILER_APPICON_NAME = AppIcon;
				INFOPLIST_FILE = OC_SortingAlgorithm/Info.plist;
				LD_RUNPATH_SEARCH_PATHS = "$(inherited) @executable_path/Frameworks";
				PRODUCT_BUNDLE_IDENTIFIER = "cn.andson.net.OC-SortingAlgorithm";
				PRODUCT_NAME = "$(TARGET_NAME)";
			};
			name = Release;
		};
/* End XCBuildConfiguration section */

/* Begin XCConfigurationList section */
		F3DBBDA81D5C48E20047C6BB /* Build configuration list for PBXProject "OC_SortingAlgorithm" */ = {
			isa = XCConfigurationList;
			buildConfigurations = (
				F3DBBDC21D5C48E20047C6BB /* Debug */,
				F3DBBDC31D5C48E20047C6BB /* Release */,
			);
			defaultConfigurationIsVisible = 0;
			defaultConfigurationName = Release;
		};
		F3DBBDC41D5C48E20047C6BB /* Build configuration list for PBXNativeTarget "OC_SortingAlgorithm" */ = {
			isa = XCConfigurationList;
			buildConfigurations = (
				F3DBBDC51D5C48E20047C6BB /* Debug */,
				F3DBBDC61D5C48E20047C6BB /* Release */,
			);
			defaultConfigurationIsVisible = 0;
		};
/* End XCConfigurationList section */
	};
	rootObject = F3DBBDA51D5C48E20047C6BB /* Project object */;
}
